{
  "originHash" : "7b79e665bb12f100bbcd7dfce69bcf3537a266a4dad7b939166110a6d2d98c30",
  "pins" : [
    {
      "identity" : "datastream",
      "kind" : "remoteSourceControl",
      "location" : "https://github.com/hughbe/DataStream",
      "state" : {
        "revision" : "755814222d05056db30936aeb45c3b4bf46ac2c0",
        "version" : "2.0.4"
      }
    },
    {
      "identity" : "iccreader",
      "kind" : "remoteSourceControl",
      "location" : "https://github.com/hughbe/ICCReader",
      "state" : {
        "revision" : "15425e9ef4f114b4801abd8ed760db9dc4ce2b56",
        "version" : "1.1.2"
      }
    },
    {
      "identity" : "photoshopreader",
      "kind" : "remoteSourceControl",
      "location" : "https://github.com/hughbe/PhotoshopReader",
      "state" : {
        "revision" : "239831f543d83fcd63667477bbe163c838cbfb00",
        "version" : "1.0.0"
      }
    },
    {
      "identity" : "swiftbitfield",
      "kind" : "remoteSourceControl",
      "location" : "https://github.com/hughbe/SwiftBitField",
      "state" : {
        "revision" : "993f2e4ec4d4edfc598abd3e87cc813e937cffc1",
        "version" : "1.0.0"
      }
    }
  ],
  "version" : 3
}
